// !$*UTF8*$!
{
	archiveVersion = 1;
	classes = {
	};
	objectVersion = 50;
	objects = {

/* Begin PBXBuildFile section */
		658FE83823BC6E5D00ADA5BC /* AppDelegate.swift in Sources */ = {isa = PBXBuildFile; fileRef = 658FE83723BC6E5D00ADA5BC /* AppDelegate.swift */; };
		658FE83A23BC6E5D00ADA5BC /* SceneDelegate.swift in Sources */ = {isa = PBXBuildFile; fileRef = 658FE83923BC6E5D00ADA5BC /* SceneDelegate.swift */; };
		658FE83C23BC6E5D00ADA5BC /* RecordSoundsViewController.swift in Sources */ = {isa = PBXBuildFile; fileRef = 658FE83B23BC6E5D00ADA5BC /* RecordSoundsViewController.swift */; };
		658FE83F23BC6E5D00ADA5BC /* Main.storyboard in Resources */ = {isa = PBXBuildFile; fileRef = 658FE83D23BC6E5D00ADA5BC /* Main.storyboard */; };
		658FE84123BC6E5F00ADA5BC /* Assets.xcassets in Resources */ = {isa = PBXBuildFile; fileRef = 658FE84023BC6E5F00ADA5BC /* Assets.xcassets */; };
		658FE84423BC6E5F00ADA5BC /* LaunchScreen.storyboard in Resources */ = {isa = PBXBuildFile; fileRef = 658FE84223BC6E5F00ADA5BC /* LaunchScreen.storyboard */; };
		65C6306D23C053DB009D7F9C /* PlaySoundsViewController.swift in Sources */ = {isa = PBXBuildFile; fileRef = 65C6306C23C053DB009D7F9C /* PlaySoundsViewController.swift */; };
		65C6307023C177F2009D7F9C /* PlaySoundsViewController+Audio.swift in Sources */ = {isa = PBXBuildFile; fileRef = 65C6306F23C177F2009D7F9C /* PlaySoundsViewController+Audio.swift */; };
/* End PBXBuildFile section */

/* Begin PBXFileReference section */
		658FE83423BC6E5D00ADA5BC /* PitchPerfect.app */ = {isa = PBXFileReference; explicitFileType = wrapper.application; includeInIndex = 0; path = PitchPerfect.app; sourceTree = BUILT_PRODUCTS_DIR; };
		658FE83723BC6E5D00ADA5BC /* AppDelegate.swift */ = {isa = PBXFileReference; lastKnownFileType = sourcecode.swift; path = AppDelegate.swift; sourceTree = "<group>"; };
		658FE83923BC6E5D00ADA5BC /* SceneDelegate.swift */ = {isa = PBXFileReference; lastKnownFileType = sourcecode.swift; path = SceneDelegate.swift; sourceTree = "<group>"; };
		658FE83B23BC6E5D00ADA5BC /* RecordSoundsViewController.swift */ = {isa = PBXFileReference; lastKnownFileType = sourcecode.swift; path = RecordSoundsViewController.swift; sourceTree = "<group>"; };
		658FE83E23BC6E5D00ADA5BC /* Base */ = {isa = PBXFileReference; lastKnownFileType = file.storyboard; name = Base; path = Base.lproj/Main.storyboard; sourceTree = "<group>"; };
		658FE84023BC6E5F00ADA5BC /* Assets.xcassets */ = {isa = PBXFileReference; lastKnownFileType = folder.assetcatalog; path = Assets.xcassets; sourceTree = "<group>"; };
		658FE84323BC6E5F00ADA5BC /* Base */ = {isa = PBXFileReference; lastKnownFileType = file.storyboard; name = Base; path = Base.lproj/LaunchScreen.storyboard; sourceTree = "<group>"; };
		658FE84523BC6E5F00ADA5BC /* Info.plist */ = {isa = PBXFileReference; lastKnownFileType = text.plist.xml; path = Info.plist; sourceTree = "<group>"; };
		65C6306C23C053DB009D7F9C /* PlaySoundsViewController.swift */ = {isa = PBXFileReference; lastKnownFileType = sourcecode.swift; path = PlaySoundsViewController.swift; sourceTree = "<group>"; };
		65C6306F23C177F2009D7F9C /* PlaySoundsViewController+Audio.swift */ = {isa = PBXFileReference; fileEncoding = 4; lastKnownFileType = sourcecode.swift; path = "PlaySoundsViewController+Audio.swift"; sourceTree = "<group>"; };
/* End PBXFileReference section */

/* Begin PBXFrameworksBuildPhase section */
		658FE83123BC6E5D00ADA5BC /* Frameworks */ = {
			isa = PBXFrameworksBuildPhase;
			buildActionMask = 2147483647;
			files = (
			);
			runOnlyForDeploymentPostprocessing = 0;
		};
/* End PBXFrameworksBuildPhase section */

/* Begin PBXGroup section */
		658FE82B23BC6E5D00ADA5BC = {
			isa = PBXGroup;
			children = (
				658FE83623BC6E5D00ADA5BC /* PitchPerfect */,
				658FE83523BC6E5D00ADA5BC /* Products */,
			);
			sourceTree = "<group>";
		};
		658FE83523BC6E5D00ADA5BC /* Products */ = {
			isa = PBXGroup;
			children = (
				658FE83423BC6E5D00ADA5BC /* PitchPerfect.app */,
			);
			name = Products;
			sourceTree = "<group>";
		};
		658FE83623BC6E5D00ADA5BC /* PitchPerfect */ = {
			isa = PBXGroup;
			children = (
				658FE83723BC6E5D00ADA5BC /* AppDelegate.swift */,
				658FE83923BC6E5D00ADA5BC /* SceneDelegate.swift */,
				658FE83B23BC6E5D00ADA5BC /* RecordSoundsViewController.swift */,
				658FE83D23BC6E5D00ADA5BC /* Main.storyboard */,
				658FE84023BC6E5F00ADA5BC /* Assets.xcassets */,
				658FE84223BC6E5F00ADA5BC /* LaunchScreen.storyboard */,
				658FE84523BC6E5F00ADA5BC /* Info.plist */,
				65C6306C23C053DB009D7F9C /* PlaySoundsViewController.swift */,
				65C6306F23C177F2009D7F9C /* PlaySoundsViewController+Audio.swift */,
			);
			path = PitchPerfect;
			sourceTree = "<group>";
		};
/* End PBXGroup section */

/* Begin PBXNativeTarget section */
		658FE83323BC6E5D00ADA5BC /* PitchPerfect */ = {
			isa = PBXNativeTarget;
			buildConfigurationList = 658FE84823BC6E5F00ADA5BC /* Build configuration list for PBXNativeTarget "PitchPerfect" */;
			buildPhases = (
				658FE83023BC6E5D00ADA5BC /* Sources */,
				658FE83123BC6E5D00ADA5BC /* Frameworks */,
				658FE83223BC6E5D00ADA5BC /* Resources */,
			);
			buildRules = (
			);
			dependencies = (
			);
			name = PitchPerfect;
			productName = PitchPerfect;
			productReference = 658FE83423BC6E5D00ADA5BC /* PitchPerfect.app */;
			productType = "com.apple.product-type.application";
		};
/* End PBXNativeTarget section */

/* Begin PBXProject section */
		658FE82C23BC6E5D00ADA5BC /* Project object */ = {
			isa = PBXProject;
			attributes = {
				LastSwiftUpdateCheck = 1130;
				LastUpgradeCheck = 1130;
				ORGANIZATIONNAME = "Hari Prasad";
				TargetAttributes = {
					658FE83323BC6E5D00ADA5BC = {
						CreatedOnToolsVersion = 11.3;
					};
				};
			};
			buildConfigurationList = 658FE82F23BC6E5D00ADA5BC /* Build configuration list for PBXProject "PitchPerfect" */;
			compatibilityVersion = "Xcode 9.3";
			developmentRegion = en;
			hasScannedForEncodings = 0;
			knownRegions = (
				en,
				Base,
			);
			mainGroup = 658FE82B23BC6E5D00ADA5BC;
			productRefGroup = 658FE83523BC6E5D00ADA5BC /* Products */;
			projectDirPath = "";
			projectRoot = "";
			targets = (
				658FE83323BC6E5D00ADA5BC /* PitchPerfect */,
			);
		};
/* End PBXProject section */

/* Begin PBXResourcesBuildPhase section */
		658FE83223BC6E5D00ADA5BC /* Resources */ = {
			isa = PBXResourcesBuildPhase;
			buildActionMask = 2147483647;
			files = (
				658FE84423BC6E5F00ADA5BC /* LaunchScreen.storyboard in Resources */,
				658FE84123BC6E5F00ADA5BC /* Assets.xcassets in Resources */,
				658FE83F23BC6E5D00ADA5BC /* Main.storyboard in Resources */,
			);
			runOnlyForDeploymentPostprocessing = 0;
		};
/* End PBXResourcesBuildPhase section */

/* Begin PBXSourcesBuildPhase section */
		658FE83023BC6E5D00ADA5BC /* Sources */ = {
			isa = PBXSourcesBuildPhase;
			buildActionMask = 2147483647;
			files = (
				65C6307023C177F2009D7F9C /* PlaySoundsViewController+Audio.swift in Sources */,
				658FE83C23BC6E5D00ADA5BC /* RecordSoundsViewController.swift in Sources */,
				658FE83823BC6E5D00ADA5BC /* AppDelegate.swift in Sources */,
				65C6306D23C053DB009D7F9C /* PlaySoundsViewController.swift in Sources */,
				658FE83A23BC6E5D00ADA5BC /* SceneDelegate.swift in Sources */,
			);
			runOnlyForDeploymentPostprocessing = 0;
		};
/* End PBXSourcesBuildPhase section */

/* Begin PBXVariantGroup section */
		658FE83D23BC6E5D00ADA5BC /* Main.storyboard */ = {
			isa = PBXVariantGroup;
			children = (
				658FE83E23BC6E5D00ADA5BC /* Base */,
			);
			name = Main.storyboard;
			sourceTree = "<group>";
		};
		658FE84223BC6E5F00ADA5BC /* LaunchScreen.storyboard */ = {
			isa = PBXVariantGroup;
			children = (
				658FE84323BC6E5F00ADA5BC /* Base */,
			);
			name = LaunchScreen.storyboard;
			sourceTree = "<group>";
		};
/* End PBXVariantGroup section */

/* Begin XCBuildConfiguration section */
		658FE84623BC6E5F00ADA5BC /* Debug */ = {
			isa = XCBuildConfiguration;
			buildSettings = {
				ALWAYS_SEARCH_USER_PATHS = NO;
				CLANG_ANALYZER_NONNULL = YES;
				CLANG_ANALYZER_NUMBER_OBJECT_CONVERSION = YES_AGGRESSIVE;
				CLANG_CXX_LANGUAGE_STANDARD = "gnu++14";
				CLANG_CXX_LIBRARY = "libc++";
				CLANG_ENABLE_MODULES = YES;
				CLANG_ENABLE_OBJC_ARC = YES;
				CLANG_ENABLE_OBJC_WEAK = YES;
				CLANG_WARN_BLOCK_CAPTURE_AUTORELEASING = YES;
				CLANG_WARN_BOOL_CONVERSION = YES;
				CLANG_WARN_COMMA = YES;
				CLANG_WARN_CONSTANT_CONVERSION = YES;
				CLANG_WARN_DEPRECATED_OBJC_IMPLEMENTATIONS = YES;
				CLANG_WARN_DIRECT_OBJC_ISA_USAGE = YES_ERROR;
				CLANG_WARN_DOCUMENTATION_COMMENTS = YES;
				CLANG_WARN_EMPTY_BODY = YES;
				CLANG_WARN_ENUM_CONVERSION = YES;
				CLANG_WARN_INFINITE_RECURSION = YES;
				CLANG_WARN_INT_CONVERSION = YES;
				CLANG_WARN_NON_LITERAL_NULL_CONVERSION = YES;
				CLANG_WARN_OBJC_IMPLICIT_RETAIN_SELF = YES;
				CLANG_WARN_OBJC_LITERAL_CONVERSION = YES;
				CLANG_WARN_OBJC_ROOT_CLASS = YES_ERROR;
				CLANG_WARN_RANGE_LOOP_ANALYSIS = YES;
				CLANG_WARN_STRICT_PROTOTYPES = YES;
				CLANG_WARN_SUSPICIOUS_MOVE = YES;
				CLANG_WARN_UNGUARDED_AVAILABILITY = YES_AGGRESSIVE;
				CLANG_WARN_UNREACHABLE_CODE = YES;
				CLANG_WARN__DUPLICATE_METHOD_MATCH = YES;
				COPY_PHASE_STRIP = NO;
				DEBUG_INFORMATION_FORMAT = dwarf;
				ENABLE_STRICT_OBJC_MSGSEND = YES;
				ENABLE_TESTABILITY = YES;
				GCC_C_LANGUAGE_STANDARD = gnu11;
				GCC_DYNAMIC_NO_PIC = NO;
				GCC_NO_COMMON_BLOCKS = YES;
				GCC_OPTIMIZATION_LEVEL = 0;
				GCC_PREPROCESSOR_DEFINITIONS = (
					"DEBUG=1",
					"$(inherited)",
				);
				GCC_WARN_64_TO_32_BIT_CONVERSION = YES;
				GCC_WARN_ABOUT_RETURN_TYPE = YES_ERROR;
				GCC_WARN_UNDECLARED_SELECTOR = YES;
				GCC_WARN_UNINITIALIZED_AUTOS = YES_AGGRESSIVE;
				GCC_WARN_UNUSED_FUNCTION = YES;
				GCC_WARN_UNUSED_VARIABLE = YES;
				IPHONEOS_DEPLOYMENT_TARGET = 13.2;
				MTL_ENABLE_DEBUG_INFO = INCLUDE_SOURCE;
				MTL_FAST_MATH = YES;
				ONLY_ACTIVE_ARCH = YES;
				SDKROOT = iphoneos;
				SWIFT_ACTIVE_COMPILATION_CONDITIONS = DEBUG;
				SWIFT_OPTIMIZATION_LEVEL = "-Onone";
			};
			name = Debug;
		};
		658FE84723BC6E5F00ADA5BC /* Release */ = {
			isa = XCBuildConfiguration;
			buildSettings = {
				ALWAYS_SEARCH_USER_PATHS = NO;
				CLANG_ANALYZER_NONNULL = YES;
				CLANG_ANALYZER_NUMBER_OBJECT_CONVERSION = YES_AGGRESSIVE;
				CLANG_CXX_LANGUAGE_STANDARD = "gnu++14";
				CLANG_CXX_LIBRARY = "libc++";
				CLANG_ENABLE_MODULES = YES;
				CLANG_ENABLE_OBJC_ARC = YES;
				CLANG_ENABLE_OBJC_WEAK = YES;
				CLANG_WARN_BLOCK_CAPTURE_AUTORELEASING = YES;
				CLANG_WARN_BOOL_CONVERSION = YES;
				CLANG_WARN_COMMA = YES;
				CLANG_WARN_CONSTANT_CONVERSION = YES;
				CLANG_WARN_DEPRECATED_OBJC_IMPLEMENTATIONS = YES;
				CLANG_WARN_DIRECT_OBJC_ISA_USAGE = YES_ERROR;
				CLANG_WARN_DOCUMENTATION_COMMENTS = YES;
				CLANG_WARN_EMPTY_BODY = YES;
				CLANG_WARN_ENUM_CONVERSION = YES;
				CLANG_WARN_INFINITE_RECURSION = YES;
				CLANG_WARN_INT_CONVERSION = YES;
				CLANG_WARN_NON_LITERAL_NULL_CONVERSION = YES;
				CLANG_WARN_OBJC_IMPLICIT_RETAIN_SELF = YES;
				CLANG_WARN_OBJC_LITERAL_CONVERSION = YES;
				CLANG_WARN_OBJC_ROOT_CLASS = YES_ERROR;
				CLANG_WARN_RANGE_LOOP_ANALYSIS = YES;
				CLANG_WARN_STRICT_PROTOTYPES = YES;
				CLANG_WARN_SUSPICIOUS_MOVE = YES;
				CLANG_WARN_UNGUARDED_AVAILABILITY = YES_AGGRESSIVE;
				CLANG_WARN_UNREACHABLE_CODE = YES;
				CLANG_WARN__DUPLICATE_METHOD_MATCH = YES;
				COPY_PHASE_STRIP = NO;
				DEBUG_INFORMATION_FORMAT = "dwarf-with-dsym";
				ENABLE_NS_ASSERTIONS = NO;
				ENABLE_STRICT_OBJC_MSGSEND = YES;
				GCC_C_LANGUAGE_STANDARD = gnu11;
				GCC_NO_COMMON_BLOCKS = YES;
				GCC_WARN_64_TO_32_BIT_CONVERSION = YES;
				GCC_WARN_ABOUT_RETURN_TYPE = YES_ERROR;
				GCC_WARN_UNDECLARED_SELECTOR = YES;
				GCC_WARN_UNINITIALIZED_AUTOS = YES_AGGRESSIVE;
				GCC_WARN_UNUSED_FUNCTION = YES;
				GCC_WARN_UNUSED_VARIABLE = YES;
				IPHONEOS_DEPLOYMENT_TARGET = 13.2;
				MTL_ENABLE_DEBUG_INFO = NO;
				MTL_FAST_MATH = YES;
				SDKROOT = iphoneos;
				SWIFT_COMPILATION_MODE = wholemodule;
				SWIFT_OPTIMIZATION_LEVEL = "-O";
				VALIDATE_PRODUCT = YES;
			};
			name = Release;
		};
		658FE84923BC6E5F00ADA5BC /* Debug */ = {
			isa = XCBuildConfiguration;
			buildSettings = {
				ASSETCATALOG_COMPILER_APPICON_NAME = AppIcon;
				CODE_SIGN_STYLE = Automatic;
				DEVELOPMENT_TEAM = D6LV9758JT;
				INFOPLIST_FILE = PitchPerfect/Info.plist;
				LD_RUNPATH_SEARCH_PATHS = (
					"$(inherited)",
					"@executable_path/Frameworks",
				);
				PRODUCT_BUNDLE_IDENTIFIER = com.hari.PitchPerfect;
				PRODUCT_NAME = "$(TARGET_NAME)";
				SWIFT_VERSION = 5.0;
				TARGETED_DEVICE_FAMILY = "1,2";
			};
			name = Debug;
		};
		658FE84A23BC6E5F00ADA5BC /* Release */ = {
			isa = XCBuildConfiguration;
			buildSettings = {
				ASSETCATALOG_COMPILER_APPICON_NAME = AppIcon;
				CODE_SIGN_STYLE = Automatic;
				DEVELOPMENT_TEAM = D6LV9758JT;
				INFOPLIST_FILE = PitchPerfect/Info.plist;
				LD_RUNPATH_SEARCH_PATHS = (
					"$(inherited)",
					"@executable_path/Frameworks",
				);
				PRODUCT_BUNDLE_IDENTIFIER = com.hari.PitchPerfect;
				PRODUCT_NAME = "$(TARGET_NAME)";
				SWIFT_VERSION = 5.0;
				TARGETED_DEVICE_FAMILY = "1,2";
			};
			name = Release;
		};
/* End XCBuildConfiguration section */

/* Begin XCConfigurationList section */
		658FE82F23BC6E5D00ADA5BC /* Build configuration list for PBXProject "PitchPerfect" */ = {
			isa = XCConfigurationList;
			buildConfigurations = (
				658FE84623BC6E5F00ADA5BC /* Debug */,
				658FE84723BC6E5F00ADA5BC /* Release */,
			);
			defaultConfigurationIsVisible = 0;
			defaultConfigurationName = Release;
		};
		658FE84823BC6E5F00ADA5BC /* Build configuration list for PBXNativeTarget "PitchPerfect" */ = {
			isa = XCConfigurationList;
			buildConfigurations = (
				658FE84923BC6E5F00ADA5BC /* Debug */,
				658FE84A23BC6E5F00ADA5BC /* Release */,
			);
			defaultConfigurationIsVisible = 0;
			defaultConfigurationName = Release;
		};
/* End XCConfigurationList section */
	};
	rootObject = 658FE82C23BC6E5D00ADA5BC /* Project object */;
}
